
Microsoft Visual Studio Solution File, Format Version 12.00
# Visual Studio 15
VisualStudioVersion = 15.0.28010.2036
MinimumVisualStudioVersion = 10.0.40219.1
Project("{2150E333-8FDC-42A3-9474-1A3956D46DE8}") = "Solution Items", "Solution Items", "{FA5BF5BF-FAAA-4917-9373-DA16641152E9}"
	ProjectSection(SolutionItems) = preProject
		appveyor.yml = appveyor.yml
		readme.md = readme.md
	EndProjectSection
EndProject
Project("{9A19103F-16F7-4668-BE54-9A1E7A4F7556}") = "Dynasor", "src\Dynasor.csproj", "{31EFE7A4-1EA7-48C9-AF5B-27F0F850B0EC}"
EndProject
Project("{9A19103F-16F7-4668-BE54-9A1E7A4F7556}") = "Dynasor.Test", "tests\Dynasor.Test\Dynasor.Test.csproj", "{0AAA17F2-2C49-4579-8CF6-B245544230E9}"
EndProject
Project("{FAE04EC0-301F-11D3-BF4B-00C04F79EFBC}") = "Dynasor.ConsoleTest", "tests\Dynasor.ConsoleTest\Dynasor.ConsoleTest.csproj", "{C58998F0-9C80-4CFE-911D-E4ADB3131751}"
EndProject
Global
	GlobalSection(SolutionConfigurationPlatforms) = preSolution
		Debug|Any CPU = Debug|Any CPU
		Release|Any CPU = Release|Any CPU
	EndGlobalSection
	GlobalSection(ProjectConfigurationPlatforms) = postSolution
		{31EFE7A4-1EA7-48C9-AF5B-27F0F850B0EC}.Debug|Any CPU.ActiveCfg = Debug|Any CPU
		{31EFE7A4-1EA7-48C9-AF5B-27F0F850B0EC}.Debug|Any CPU.Build.0 = Debug|Any CPU
		{31EFE7A4-1EA7-48C9-AF5B-27F0F850B0EC}.Release|Any CPU.ActiveCfg = Release|Any CPU
		{31EFE7A4-1EA7-48C9-AF5B-27F0F850B0EC}.Release|Any CPU.Build.0 = Release|Any CPU
		{0AAA17F2-2C49-4579-8CF6-B245544230E9}.Debug|Any CPU.ActiveCfg = Debug|Any CPU
		{0AAA17F2-2C49-4579-8CF6-B245544230E9}.Debug|Any CPU.Build.0 = Debug|Any CPU
		{0AAA17F2-2C49-4579-8CF6-B245544230E9}.Release|Any CPU.ActiveCfg = Release|Any CPU
		{0AAA17F2-2C49-4579-8CF6-B245544230E9}.Release|Any CPU.Build.0 = Release|Any CPU
		{C58998F0-9C80-4CFE-911D-E4ADB3131751}.Debug|Any CPU.ActiveCfg = Debug|Any CPU
		{C58998F0-9C80-4CFE-911D-E4ADB3131751}.Debug|Any CPU.Build.0 = Debug|Any CPU
		{C58998F0-9C80-4CFE-911D-E4ADB3131751}.Release|Any CPU.ActiveCfg = Release|Any CPU
		{C58998F0-9C80-4CFE-911D-E4ADB3131751}.Release|Any CPU.Build.0 = Release|Any CPU
	EndGlobalSection
	GlobalSection(SolutionProperties) = preSolution
		HideSolutionNode = FALSE
	EndGlobalSection
	GlobalSection(ExtensibilityGlobals) = postSolution
		SolutionGuid = {FDE05855-5D1C-4100-94E2-E540138943E6}
	EndGlobalSection
EndGlobal
